// !$*UTF8*$!
{
	archiveVersion = 1;
	classes = {
	};
	objectVersion = 56;
	objects = {

/* Begin PBXBuildFile section */
		AA01 /* AppDelegate.swift in Sources */ = {isa = PBXBuildFile; fileRef = FA01 /* AppDelegate.swift */; };
		AA10 /* Carbon.framework in Frameworks */ = {isa = PBXBuildFile; fileRef = FA10 /* Carbon.framework */; };
		AA03 /* main.swift in Sources */ = {isa = PBXBuildFile; fileRef = FA03 /* main.swift */; };
		AA04 /* Store.swift in Sources */ = {isa = PBXBuildFile; fileRef = FA04 /* Store.swift */; };
		AA02 /* Info.plist in Resources */ = {isa = PBXBuildFile; fileRef = FA02 /* Info.plist */; };
		AA05 /* AppIcon.icns in Resources */ = {isa = PBXBuildFile; fileRef = FA05 /* AppIcon.icns */; };
		AA06 /* StatusIcon.png in Resources */ = {isa = PBXBuildFile; fileRef = FA06 /* StatusIcon.png */; };
		AA07 /* StatusIcon@2x.png in Resources */ = {isa = PBXBuildFile; fileRef = FA07 /* StatusIcon@2x.png */; };
/* End PBXBuildFile section */

/* Begin PBXFileReference section */
		FA01 /* AppDelegate.swift */ = {isa = PBXFileReference; lastKnownFileType = sourcecode.swift; path = AppDelegate.swift; sourceTree = "<group>"; };
		FA10 /* Carbon.framework */ = {isa = PBXFileReference; lastKnownFileType = wrapper.framework; name = Carbon.framework; path = System/Library/Frameworks/Carbon.framework; sourceTree = SDKROOT; };
		FA03 /* main.swift */ = {isa = PBXFileReference; lastKnownFileType = sourcecode.swift; path = main.swift; sourceTree = "<group>"; };
		FA04 /* Store.swift */ = {isa = PBXFileReference; lastKnownFileType = sourcecode.swift; path = Store.swift; sourceTree = "<group>"; };
		FA02 /* Info.plist */ = {isa = PBXFileReference; lastKnownFileType = text.plist.xml; path = Info.plist; sourceTree = "<group>"; };
		FA05 /* AppIcon.icns */ = {isa = PBXFileReference; lastKnownFileType = image.icns; path = AppIcon.icns; sourceTree = "<group>"; };
		FA06 /* StatusIcon.png */ = {isa = PBXFileReference; lastKnownFileType = image.png; path = StatusIcon.png; sourceTree = "<group>"; };
		FA07 /* StatusIcon@2x.png */ = {isa = PBXFileReference; lastKnownFileType = image.png; path = "StatusIcon@2x.png"; sourceTree = "<group>"; };
		FAAPP /* Copiha.app */ = {isa = PBXFileReference; explicitFileType = wrapper.application; includeInIndex = 0; path = Copiha.app; sourceTree = BUILT_PRODUCTS_DIR; };
/* End PBXFileReference section */

/* Begin PBXFrameworksBuildPhase section */
		BPFWK /* Frameworks */ = {
			isa = PBXFrameworksBuildPhase;
			buildActionMask = 2147483647;
			files = (
				AA10 /* Carbon.framework in Frameworks */,
			);
			runOnlyForDeploymentPostprocessing = 0;
		};
/* End PBXFrameworksBuildPhase section */

/* Begin PBXGroup section */
		GRPMAIN /* Copiha */ = {
			isa = PBXGroup;
			children = (
				GRPAPP /* App */,
				GRPRES /* Resources */,
			);
			path = Copiha;
			sourceTree = "<group>";
		};
		GRPAPP /* App */ = {
			isa = PBXGroup;
			children = (
				FA01 /* AppDelegate.swift */,
				FA03 /* main.swift */,
				FA04 /* Store.swift */,
			);
			path = App;
			sourceTree = "<group>";
		};
		GRPRES /* Resources */ = {
			isa = PBXGroup;
			children = (
				FA02 /* Info.plist */,
				FA05 /* AppIcon.icns */,
				FA06 /* StatusIcon.png */,
				FA07 /* StatusIcon@2x.png */,
			);
			path = Resources;
			sourceTree = "<group>";
		};
		GRPROOT /* root */ = {
			isa = PBXGroup;
			children = (
				GRPMAIN /* Copiha */,
				GRPPROD /* Products */,
			);
			sourceTree = "<group>";
		};
		GRPPROD /* Products */ = {
			isa = PBXGroup;
			children = (
				FAAPP /* Copiha.app */,
			);
			name = Products;
			sourceTree = "<group>";
		};
/* End PBXGroup section */

/* Begin PBXNativeTarget section */
		TGTMAIN /* Copiha */ = {
			isa = PBXNativeTarget;
			buildConfigurationList = CFGLIST /* Build configuration list for PBXNativeTarget "Copiha" */;
			buildPhases = (
				BPSRC /* Sources */,
				BPFWK /* Frameworks */,
				BPRES /* Resources */,
			);
			buildRules = (
			);
			dependencies = (
			);
			name = Copiha;
			productName = Copiha;
			productReference = FAAPP /* Copiha.app */;
			productType = "com.apple.product-type.application";
		};
/* End PBXNativeTarget section */

/* Begin PBXProject section */
		PROJMAIN /* Project object */ = {
			isa = PBXProject;
			attributes = {
				LastSwiftUpdateCheck = 1500;
				LastUpgradeCheck = 1500;
			};
			buildConfigurationList = PROJCFGLIST /* Build configuration list for PBXProject "Copiha" */;
			compatibilityVersion = "Xcode 14.0";
			developmentRegion = en;
			hasScannedForEncodings = 0;
			knownRegions = (
				en,
				Base,
			);
			mainGroup = GRPROOT /* root */;
			productRefGroup = GRPPROD /* Products */;
			projectDirPath = "";
			projectRoot = "";
			targets = (
				TGTMAIN /* Copiha */,
			);
		};
/* End PBXProject section */

/* Begin PBXResourcesBuildPhase section */
		BPRES /* Resources */ = {
			isa = PBXResourcesBuildPhase;
			buildActionMask = 2147483647;
			files = (
				AA02 /* Info.plist in Resources */,
				AA05 /* AppIcon.icns in Resources */,
				AA06 /* StatusIcon.png in Resources */,
				AA07 /* StatusIcon@2x.png in Resources */,
			);
			runOnlyForDeploymentPostprocessing = 0;
		};
/* End PBXResourcesBuildPhase section */

/* Begin PBXSourcesBuildPhase section */
		BPSRC /* Sources */ = {
			isa = PBXSourcesBuildPhase;
			buildActionMask = 2147483647;
			files = (
				AA01 /* AppDelegate.swift in Sources */,
				AA03 /* main.swift in Sources */,
				AA04 /* Store.swift in Sources */,
			);
			runOnlyForDeploymentPostprocessing = 0;
		};
/* End PBXSourcesBuildPhase section */

/* Begin XCBuildConfiguration section */
		CFG_DEBUG /* Debug */ = {
			isa = XCBuildConfiguration;
			buildSettings = {
				ALWAYS_SEARCH_USER_PATHS = NO;
				CLANG_ENABLE_MODULES = YES;
				CLANG_ENABLE_OBJC_ARC = YES;
				CODE_SIGN_IDENTITY = "-";
				CODE_SIGN_STYLE = Automatic;
				COMBINE_HIDPI_IMAGES = YES;
				DEBUG_INFORMATION_FORMAT = dwarf;
				ENABLE_STRICT_OBJC_MSGSEND = YES;
				GCC_DYNAMIC_NO_PIC = NO;
				GCC_OPTIMIZATION_LEVEL = 0;
				GCC_PREPROCESSOR_DEFINITIONS = (
					"DEBUG=1",
					"$(inherited)",
				);
				INFOPLIST_FILE = Copiha/Resources/Info.plist;
				LD_RUNPATH_SEARCH_PATHS = "@executable_path/../Frameworks";
				MACOSX_DEPLOYMENT_TARGET = 13.0;
				PRODUCT_BUNDLE_IDENTIFIER = "com.copiha.app";
				PRODUCT_NAME = "$(TARGET_NAME)";
				SDKROOT = macosx;
				SWIFT_OPTIMIZATION_LEVEL = "-Onone";
				SWIFT_VERSION = 5.0;
			};
			name = Debug;
		};
		CFG_RELEASE /* Release */ = {
			isa = XCBuildConfiguration;
			buildSettings = {
				ALWAYS_SEARCH_USER_PATHS = NO;
				CLANG_ENABLE_MODULES = YES;
				CLANG_ENABLE_OBJC_ARC = YES;
				CODE_SIGN_IDENTITY = "-";
				CODE_SIGN_STYLE = Automatic;
				COMBINE_HIDPI_IMAGES = YES;
				ENABLE_STRICT_OBJC_MSGSEND = YES;
				INFOPLIST_FILE = Copiha/Resources/Info.plist;
				LD_RUNPATH_SEARCH_PATHS = "@executable_path/../Frameworks";
				MACOSX_DEPLOYMENT_TARGET = 13.0;
				PRODUCT_BUNDLE_IDENTIFIER = "com.copiha.app";
				PRODUCT_NAME = "$(TARGET_NAME)";
				SDKROOT = macosx;
				SWIFT_VERSION = 5.0;
			};
			name = Release;
		};
		PROJCFG_DEBUG /* Debug */ = {
			isa = XCBuildConfiguration;
			buildSettings = {
				ALWAYS_SEARCH_USER_PATHS = NO;
				CLANG_ANALYZER_NONNULL = YES;
				MACOSX_DEPLOYMENT_TARGET = 13.0;
				SDKROOT = macosx;
			};
			name = Debug;
		};
		PROJCFG_RELEASE /* Release */ = {
			isa = XCBuildConfiguration;
			buildSettings = {
				ALWAYS_SEARCH_USER_PATHS = NO;
				CLANG_ANALYZER_NONNULL = YES;
				MACOSX_DEPLOYMENT_TARGET = 13.0;
				SDKROOT = macosx;
			};
			name = Release;
		};
/* End XCBuildConfiguration section */

/* Begin XCConfigurationList section */
		CFGLIST /* Build configuration list for PBXNativeTarget "Copiha" */ = {
			isa = XCConfigurationList;
			buildConfigurations = (
				CFG_DEBUG /* Debug */,
				CFG_RELEASE /* Release */,
			);
			defaultConfigurationIsVisible = 0;
			defaultConfigurationName = Release;
		};
		PROJCFGLIST /* Build configuration list for PBXProject "Copiha" */ = {
			isa = XCConfigurationList;
			buildConfigurations = (
				PROJCFG_DEBUG /* Debug */,
				PROJCFG_RELEASE /* Release */,
			);
			defaultConfigurationIsVisible = 0;
			defaultConfigurationName = Release;
		};
/* End XCConfigurationList section */

	};
	rootObject = PROJMAIN /* Project object */;
}
